<?xml version="1.0" encoding="utf-8"?>
<Project ToolsVersion="4.0" xmlns="http://schemas.microsoft.com/developer/msbuild/2003">
  <ItemGroup>
    <Filter Include="Source Files">
      <UniqueIdentifier>{4FC737F1-C7A5-4376-A066-2A32D752A2FF}</UniqueIdentifier>
      <Extensions>cpp;c;cc;cxx;def;odl;idl;hpj;bat;asm;asmx</Extensions>
    </Filter>
    <Filter Include="Header Files">
      <UniqueIdentifier>{93995380-89BD-4b04-88EB-625FBE52EBFB}</UniqueIdentifier>
      <Extensions>h;hh;hpp;hxx;hm;inl;inc;ipp;xsd</Extensions>
    </Filter>
    <Filter Include="Resource Files">
      <UniqueIdentifier>{67DA6AB6-F800-4c08-8B7A-83BB121AAD01}</UniqueIdentifier>
      <Extensions>rc;ico;cur;bmp;dlg;rc2;rct;bin;rgs;gif;jpg;jpeg;jpe;resx;tiff;tif;png;wav;mfcribbon-ms</Extensions>
    </Filter>
    <Filter Include="Header Files\Edward">
      <UniqueIdentifier>{951712b2-87ec-4af6-b553-320fb72f3162}</UniqueIdentifier>
    </Filter>
    <Filter Include="Source Files\Edward">
      <UniqueIdentifier>{22378cd2-0361-4958-8579-b3a6e1469133}</UniqueIdentifier>
    </Filter>
    <Filter Include="Header Files\Augusto">
      <UniqueIdentifier>{0d5179e6-ffdb-4b48-84d8-e4663291f32a}</UniqueIdentifier>
    </Filter>
    <Filter Include="Source Files\Augusto">
      <UniqueIdentifier>{7005495b-4ab8-4232-8c20-d1784920c30a}</UniqueIdentifier>
    </Filter>
  </ItemGroup>
  <ItemGroup>
    <ClInclude Include="LinkedList.h">
      <Filter>Header Files\Augusto</Filter>
    </ClInclude>
  </ItemGroup>
  <ItemGroup>
    <ClCompile Include="Main.cpp">
      <Filter>Source Files\Augusto</Filter>
    </ClCompile>
  </ItemGroup>
</Project>